{
  "requires": true,
  "lockfileVersion": 1,
  "dependencies": {
    "@react-navigation/core": {
      "version": "5.15.1",
      "resolved": "https://registry.npmjs.org/@react-navigation/core/-/core-5.15.1.tgz",
      "integrity": "sha512-GDCpIVQd0NgHYCSdUMY69hrpeWKuYgj5SIRqHI2sYh9OguwGcV52ZZOafc+pQuyfuiLLIMidw34jiqb47QrlhA==",
      "requires": {
        "@react-navigation/routers": "^5.7.1",
        "escape-string-regexp": "^4.0.0",
        "nanoid": "^3.1.15",
        "query-string": "^6.13.6",
        "react-is": "^16.13.0"
      }
    },
    "@react-navigation/native": {
      "version": "5.9.2",
      "resolved": "https://registry.npmjs.org/@react-navigation/native/-/native-5.9.2.tgz",
      "integrity": "sha512-O8K+Lr6Vy25gTTyXAns9BVyFvwTkKqfFH0RpOimilYndUL6tlhV56oDSp7Hryjy8xsjx6ESWqr6eIu4sS3Z9nQ==",
      "requires": {
        "@react-navigation/core": "^5.15.1",
        "escape-string-regexp": "^4.0.0",
        "nanoid": "^3.1.15"
      }
    },
    "@react-navigation/routers": {
      "version": "5.7.1",
      "resolved": "https://registry.npmjs.org/@react-navigation/routers/-/routers-5.7.1.tgz",
      "integrity": "sha512-M5R4AFgJZ0uBUV+DjMyNy2HXRfvo0ldM+59Gj1NQWXaYnst3m0xJTfWiln94mnrbrHEq087gMP4ZLHGIJ8D1Ig==",
      "requires": {
        "nanoid": "^3.1.15"
      }
    },
    "decode-uri-component": {
      "version": "0.2.0",
      "resolved": "https://registry.npmjs.org/decode-uri-component/-/decode-uri-component-0.2.0.tgz",
      "integrity": "sha1-6zkTMzRYd1y4TNGh+uBiEGu4dUU="
    },
    "escape-string-regexp": {
      "version": "4.0.0",
      "resolved": "https://registry.npmjs.org/escape-string-regexp/-/escape-string-regexp-4.0.0.tgz",
      "integrity": "sha512-TtpcNJ3XAzx3Gq8sWRzJaVajRs0uVxA2YAkdb1jm2YkPz4G6egUFAyA3n5vtEIZefPk5Wa4UXbKuS5fKkJWdgA=="
    },
    "nanoid": {
      "version": "3.1.20",
      "resolved": "https://registry.npmjs.org/nanoid/-/nanoid-3.1.20.tgz",
      "integrity": "sha512-a1cQNyczgKbLX9jwbS/+d7W8fX/RfgYR7lVWwWOGIPNgK2m0MWvrGF6/m4kk6U3QcFMnZf3RIhL0v2Jgh/0Uxw=="
    },
    "query-string": {
      "version": "6.13.8",
      "resolved": "https://registry.npmjs.org/query-string/-/query-string-6.13.8.tgz",
      "integrity": "sha512-jxJzQI2edQPE/NPUOusNjO/ZOGqr1o2OBa/3M00fU76FsLXDVbJDv/p7ng5OdQyorKrkRz1oqfwmbe5MAMePQg==",
      "requires": {
        "decode-uri-component": "^0.2.0",
        "split-on-first": "^1.0.0",
        "strict-uri-encode": "^2.0.0"
      }
    },
    "react-is": {
      "version": "16.13.1",
      "resolved": "https://registry.npmjs.org/react-is/-/react-is-16.13.1.tgz",
      "integrity": "sha512-24e6ynE2H+OKt4kqsOvNd8kBpV65zoxbA4BVsEOB3ARVWQki/DHzaUoC5KuON/BiccDaCCTZBuOcfZs70kR8bQ=="
    },
    "split-on-first": {
      "version": "1.1.0",
      "resolved": "https://registry.npmjs.org/split-on-first/-/split-on-first-1.1.0.tgz",
      "integrity": "sha512-43ZssAJaMusuKWL8sKUBQXHWOpq8d6CfN/u1p4gUzfJkM05C8rxTmYrkIPTXapZpORA6LkkzcUulJ8FqA7Uudw=="
    },
    "strict-uri-encode": {
      "version": "2.0.0",
      "resolved": "https://registry.npmjs.org/strict-uri-encode/-/strict-uri-encode-2.0.0.tgz",
      "integrity": "sha1-ucczDHBChi9rFC3CdLvMWGbONUY="
    }
  }
}
